
Microsoft Visual Studio Solution File, Format Version 12.00
# Visual Studio Version 17
VisualStudioVersion = 17.7.34202.233
MinimumVisualStudioVersion = 10.0.40219.1
Project("{FAE04EC0-301F-11D3-BF4B-00C04F79EFBC}") = "discos", "discos\discos.csproj", "{D6AE397E-3EBE-40CC-94E0-057F2524D4BB}"
EndProject
Project("{FAE04EC0-301F-11D3-BF4B-00C04F79EFBC}") = "dominio", "dominio\dominio.csproj", "{D5AF7BDD-C5D6-4906-B6CA-6E15C2416AA4}"
EndProject
Project("{FAE04EC0-301F-11D3-BF4B-00C04F79EFBC}") = "disqueria", "disqueria\disqueria.csproj", "{64DBDFDC-B63D-44AD-AB00-83351BAF7E81}"
EndProject
Global
	GlobalSection(SolutionConfigurationPlatforms) = preSolution
		Debug|Any CPU = Debug|Any CPU
		Release|Any CPU = Release|Any CPU
	EndGlobalSection
	GlobalSection(ProjectConfigurationPlatforms) = postSolution
		{D6AE397E-3EBE-40CC-94E0-057F2524D4BB}.Debug|Any CPU.ActiveCfg = Debug|Any CPU
		{D6AE397E-3EBE-40CC-94E0-057F2524D4BB}.Debug|Any CPU.Build.0 = Debug|Any CPU
		{D6AE397E-3EBE-40CC-94E0-057F2524D4BB}.Release|Any CPU.ActiveCfg = Release|Any CPU
		{D6AE397E-3EBE-40CC-94E0-057F2524D4BB}.Release|Any CPU.Build.0 = Release|Any CPU
		{D5AF7BDD-C5D6-4906-B6CA-6E15C2416AA4}.Debug|Any CPU.ActiveCfg = Debug|Any CPU
		{D5AF7BDD-C5D6-4906-B6CA-6E15C2416AA4}.Debug|Any CPU.Build.0 = Debug|Any CPU
		{D5AF7BDD-C5D6-4906-B6CA-6E15C2416AA4}.Release|Any CPU.ActiveCfg = Release|Any CPU
		{D5AF7BDD-C5D6-4906-B6CA-6E15C2416AA4}.Release|Any CPU.Build.0 = Release|Any CPU
		{64DBDFDC-B63D-44AD-AB00-83351BAF7E81}.Debug|Any CPU.ActiveCfg = Debug|Any CPU
		{64DBDFDC-B63D-44AD-AB00-83351BAF7E81}.Debug|Any CPU.Build.0 = Debug|Any CPU
		{64DBDFDC-B63D-44AD-AB00-83351BAF7E81}.Release|Any CPU.ActiveCfg = Release|Any CPU
		{64DBDFDC-B63D-44AD-AB00-83351BAF7E81}.Release|Any CPU.Build.0 = Release|Any CPU
	EndGlobalSection
	GlobalSection(SolutionProperties) = preSolution
		HideSolutionNode = FALSE
	EndGlobalSection
	GlobalSection(ExtensibilityGlobals) = postSolution
		SolutionGuid = {318995EC-B34F-409B-824E-EB0336F19566}
	EndGlobalSection
EndGlobal
